// !$*UTF8*$!
{
	archiveVersion = 1;
	classes = {
	};
	objectVersion = 50;
	objects = {

/* Begin PBXBuildFile section */
		C8F6E1882130A0E200EC5A06 /* AppDelegate.swift in Sources */ = {isa = PBXBuildFile; fileRef = C8F6E1872130A0E200EC5A06 /* AppDelegate.swift */; };
		C8F6E18A2130A0E200EC5A06 /* ViewController.swift in Sources */ = {isa = PBXBuildFile; fileRef = C8F6E1892130A0E200EC5A06 /* ViewController.swift */; };
		C8F6E18D2130A0E200EC5A06 /* Main.storyboard in Resources */ = {isa = PBXBuildFile; fileRef = C8F6E18B2130A0E200EC5A06 /* Main.storyboard */; };
		C8F6E1902130A0E200EC5A06 /* MyDream1.xcdatamodeld in Sources */ = {isa = PBXBuildFile; fileRef = C8F6E18E2130A0E200EC5A06 /* MyDream1.xcdatamodeld */; };
		C8F6E1922130A0E300EC5A06 /* Assets.xcassets in Resources */ = {isa = PBXBuildFile; fileRef = C8F6E1912130A0E300EC5A06 /* Assets.xcassets */; };
		C8F6E1952130A0E300EC5A06 /* LaunchScreen.storyboard in Resources */ = {isa = PBXBuildFile; fileRef = C8F6E1932130A0E300EC5A06 /* LaunchScreen.storyboard */; };
		C8F6E1A02130A0E300EC5A06 /* MyDream1Tests.swift in Sources */ = {isa = PBXBuildFile; fileRef = C8F6E19F2130A0E300EC5A06 /* MyDream1Tests.swift */; };
		C8F6E1AB2130A0E300EC5A06 /* MyDream1UITests.swift in Sources */ = {isa = PBXBuildFile; fileRef = C8F6E1AA2130A0E300EC5A06 /* MyDream1UITests.swift */; };
/* End PBXBuildFile section */

/* Begin PBXContainerItemProxy section */
		C8F6E19C2130A0E300EC5A06 /* PBXContainerItemProxy */ = {
			isa = PBXContainerItemProxy;
			containerPortal = C8F6E17C2130A0E200EC5A06 /* Project object */;
			proxyType = 1;
			remoteGlobalIDString = C8F6E1832130A0E200EC5A06;
			remoteInfo = MyDream1;
		};
		C8F6E1A72130A0E300EC5A06 /* PBXContainerItemProxy */ = {
			isa = PBXContainerItemProxy;
			containerPortal = C8F6E17C2130A0E200EC5A06 /* Project object */;
			proxyType = 1;
			remoteGlobalIDString = C8F6E1832130A0E200EC5A06;
			remoteInfo = MyDream1;
		};
/* End PBXContainerItemProxy section */

/* Begin PBXFileReference section */
		C8F6E1842130A0E200EC5A06 /* MyDream1.app */ = {isa = PBXFileReference; explicitFileType = wrapper.application; includeInIndex = 0; path = MyDream1.app; sourceTree = BUILT_PRODUCTS_DIR; };
		C8F6E1872130A0E200EC5A06 /* AppDelegate.swift */ = {isa = PBXFileReference; lastKnownFileType = sourcecode.swift; path = AppDelegate.swift; sourceTree = "<group>"; };
		C8F6E1892130A0E200EC5A06 /* ViewController.swift */ = {isa = PBXFileReference; lastKnownFileType = sourcecode.swift; path = ViewController.swift; sourceTree = "<group>"; };
		C8F6E18C2130A0E200EC5A06 /* Base */ = {isa = PBXFileReference; lastKnownFileType = file.storyboard; name = Base; path = Base.lproj/Main.storyboard; sourceTree = "<group>"; };
		C8F6E18F2130A0E200EC5A06 /* MyDream1.xcdatamodel */ = {isa = PBXFileReference; lastKnownFileType = wrapper.xcdatamodel; path = MyDream1.xcdatamodel; sourceTree = "<group>"; };
		C8F6E1912130A0E300EC5A06 /* Assets.xcassets */ = {isa = PBXFileReference; lastKnownFileType = folder.assetcatalog; path = Assets.xcassets; sourceTree = "<group>"; };
		C8F6E1942130A0E300EC5A06 /* Base */ = {isa = PBXFileReference; lastKnownFileType = file.storyboard; name = Base; path = Base.lproj/LaunchScreen.storyboard; sourceTree = "<group>"; };
		C8F6E1962130A0E300EC5A06 /* Info.plist */ = {isa = PBXFileReference; lastKnownFileType = text.plist.xml; path = Info.plist; sourceTree = "<group>"; };
		C8F6E19B2130A0E300EC5A06 /* MyDream1Tests.xctest */ = {isa = PBXFileReference; explicitFileType = wrapper.cfbundle; includeInIndex = 0; path = MyDream1Tests.xctest; sourceTree = BUILT_PRODUCTS_DIR; };
		C8F6E19F2130A0E300EC5A06 /* MyDream1Tests.swift */ = {isa = PBXFileReference; lastKnownFileType = sourcecode.swift; path = MyDream1Tests.swift; sourceTree = "<group>"; };
		C8F6E1A12130A0E300EC5A06 /* Info.plist */ = {isa = PBXFileReference; lastKnownFileType = text.plist.xml; path = Info.plist; sourceTree = "<group>"; };
		C8F6E1A62130A0E300EC5A06 /* MyDream1UITests.xctest */ = {isa = PBXFileReference; explicitFileType = wrapper.cfbundle; includeInIndex = 0; path = MyDream1UITests.xctest; sourceTree = BUILT_PRODUCTS_DIR; };
		C8F6E1AA2130A0E300EC5A06 /* MyDream1UITests.swift */ = {isa = PBXFileReference; lastKnownFileType = sourcecode.swift; path = MyDream1UITests.swift; sourceTree = "<group>"; };
		C8F6E1AC2130A0E300EC5A06 /* Info.plist */ = {isa = PBXFileReference; lastKnownFileType = text.plist.xml; path = Info.plist; sourceTree = "<group>"; };
/* End PBXFileReference section */

/* Begin PBXFrameworksBuildPhase section */
		C8F6E1812130A0E200EC5A06 /* Frameworks */ = {
			isa = PBXFrameworksBuildPhase;
			buildActionMask = 2147483647;
			files = (
			);
			runOnlyForDeploymentPostprocessing = 0;
		};
		C8F6E1982130A0E300EC5A06 /* Frameworks */ = {
			isa = PBXFrameworksBuildPhase;
			buildActionMask = 2147483647;
			files = (
			);
			runOnlyForDeploymentPostprocessing = 0;
		};
		C8F6E1A32130A0E300EC5A06 /* Frameworks */ = {
			isa = PBXFrameworksBuildPhase;
			buildActionMask = 2147483647;
			files = (
			);
			runOnlyForDeploymentPostprocessing = 0;
		};
/* End PBXFrameworksBuildPhase section */

/* Begin PBXGroup section */
		C8F6E17B2130A0E200EC5A06 = {
			isa = PBXGroup;
			children = (
				C8F6E1862130A0E200EC5A06 /* MyDream1 */,
				C8F6E19E2130A0E300EC5A06 /* MyDream1Tests */,
				C8F6E1A92130A0E300EC5A06 /* MyDream1UITests */,
				C8F6E1852130A0E200EC5A06 /* Products */,
			);
			sourceTree = "<group>";
		};
		C8F6E1852130A0E200EC5A06 /* Products */ = {
			isa = PBXGroup;
			children = (
				C8F6E1842130A0E200EC5A06 /* MyDream1.app */,
				C8F6E19B2130A0E300EC5A06 /* MyDream1Tests.xctest */,
				C8F6E1A62130A0E300EC5A06 /* MyDream1UITests.xctest */,
			);
			name = Products;
			sourceTree = "<group>";
		};
		C8F6E1862130A0E200EC5A06 /* MyDream1 */ = {
			isa = PBXGroup;
			children = (
				C8F6E1872130A0E200EC5A06 /* AppDelegate.swift */,
				C8F6E1892130A0E200EC5A06 /* ViewController.swift */,
				C8F6E18B2130A0E200EC5A06 /* Main.storyboard */,
				C8F6E1912130A0E300EC5A06 /* Assets.xcassets */,
				C8F6E1932130A0E300EC5A06 /* LaunchScreen.storyboard */,
				C8F6E1962130A0E300EC5A06 /* Info.plist */,
				C8F6E18E2130A0E200EC5A06 /* MyDream1.xcdatamodeld */,
			);
			path = MyDream1;
			sourceTree = "<group>";
		};
		C8F6E19E2130A0E300EC5A06 /* MyDream1Tests */ = {
			isa = PBXGroup;
			children = (
				C8F6E19F2130A0E300EC5A06 /* MyDream1Tests.swift */,
				C8F6E1A12130A0E300EC5A06 /* Info.plist */,
			);
			path = MyDream1Tests;
			sourceTree = "<group>";
		};
		C8F6E1A92130A0E300EC5A06 /* MyDream1UITests */ = {
			isa = PBXGroup;
			children = (
				C8F6E1AA2130A0E300EC5A06 /* MyDream1UITests.swift */,
				C8F6E1AC2130A0E300EC5A06 /* Info.plist */,
			);
			path = MyDream1UITests;
			sourceTree = "<group>";
		};
/* End PBXGroup section */

/* Begin PBXNativeTarget section */
		C8F6E1832130A0E200EC5A06 /* MyDream1 */ = {
			isa = PBXNativeTarget;
			buildConfigurationList = C8F6E1AF2130A0E300EC5A06 /* Build configuration list for PBXNativeTarget "MyDream1" */;
			buildPhases = (
				C8F6E1802130A0E200EC5A06 /* Sources */,
				C8F6E1812130A0E200EC5A06 /* Frameworks */,
				C8F6E1822130A0E200EC5A06 /* Resources */,
			);
			buildRules = (
			);
			dependencies = (
			);
			name = MyDream1;
			productName = MyDream1;
			productReference = C8F6E1842130A0E200EC5A06 /* MyDream1.app */;
			productType = "com.apple.product-type.application";
		};
		C8F6E19A2130A0E300EC5A06 /* MyDream1Tests */ = {
			isa = PBXNativeTarget;
			buildConfigurationList = C8F6E1B22130A0E300EC5A06 /* Build configuration list for PBXNativeTarget "MyDream1Tests" */;
			buildPhases = (
				C8F6E1972130A0E300EC5A06 /* Sources */,
				C8F6E1982130A0E300EC5A06 /* Frameworks */,
				C8F6E1992130A0E300EC5A06 /* Resources */,
			);
			buildRules = (
			);
			dependencies = (
				C8F6E19D2130A0E300EC5A06 /* PBXTargetDependency */,
			);
			name = MyDream1Tests;
			productName = MyDream1Tests;
			productReference = C8F6E19B2130A0E300EC5A06 /* MyDream1Tests.xctest */;
			productType = "com.apple.product-type.bundle.unit-test";
		};
		C8F6E1A52130A0E300EC5A06 /* MyDream1UITests */ = {
			isa = PBXNativeTarget;
			buildConfigurationList = C8F6E1B52130A0E300EC5A06 /* Build configuration list for PBXNativeTarget "MyDream1UITests" */;
			buildPhases = (
				C8F6E1A22130A0E300EC5A06 /* Sources */,
				C8F6E1A32130A0E300EC5A06 /* Frameworks */,
				C8F6E1A42130A0E300EC5A06 /* Resources */,
			);
			buildRules = (
			);
			dependencies = (
				C8F6E1A82130A0E300EC5A06 /* PBXTargetDependency */,
			);
			name = MyDream1UITests;
			productName = MyDream1UITests;
			productReference = C8F6E1A62130A0E300EC5A06 /* MyDream1UITests.xctest */;
			productType = "com.apple.product-type.bundle.ui-testing";
		};
/* End PBXNativeTarget section */

/* Begin PBXProject section */
		C8F6E17C2130A0E200EC5A06 /* Project object */ = {
			isa = PBXProject;
			attributes = {
				LastSwiftUpdateCheck = 0940;
				LastUpgradeCheck = 0940;
				ORGANIZATIONNAME = Fisky;
				TargetAttributes = {
					C8F6E1832130A0E200EC5A06 = {
						CreatedOnToolsVersion = 9.4.1;
					};
					C8F6E19A2130A0E300EC5A06 = {
						CreatedOnToolsVersion = 9.4.1;
						TestTargetID = C8F6E1832130A0E200EC5A06;
					};
					C8F6E1A52130A0E300EC5A06 = {
						CreatedOnToolsVersion = 9.4.1;
						TestTargetID = C8F6E1832130A0E200EC5A06;
					};
				};
			};
			buildConfigurationList = C8F6E17F2130A0E200EC5A06 /* Build configuration list for PBXProject "MyDream1" */;
			compatibilityVersion = "Xcode 9.3";
			developmentRegion = en;
			hasScannedForEncodings = 0;
			knownRegions = (
				en,
				Base,
			);
			mainGroup = C8F6E17B2130A0E200EC5A06;
			productRefGroup = C8F6E1852130A0E200EC5A06 /* Products */;
			projectDirPath = "";
			projectRoot = "";
			targets = (
				C8F6E1832130A0E200EC5A06 /* MyDream1 */,
				C8F6E19A2130A0E300EC5A06 /* MyDream1Tests */,
				C8F6E1A52130A0E300EC5A06 /* MyDream1UITests */,
			);
		};
/* End PBXProject section */

/* Begin PBXResourcesBuildPhase section */
		C8F6E1822130A0E200EC5A06 /* Resources */ = {
			isa = PBXResourcesBuildPhase;
			buildActionMask = 2147483647;
			files = (
				C8F6E1952130A0E300EC5A06 /* LaunchScreen.storyboard in Resources */,
				C8F6E1922130A0E300EC5A06 /* Assets.xcassets in Resources */,
				C8F6E18D2130A0E200EC5A06 /* Main.storyboard in Resources */,
			);
			runOnlyForDeploymentPostprocessing = 0;
		};
		C8F6E1992130A0E300EC5A06 /* Resources */ = {
			isa = PBXResourcesBuildPhase;
			buildActionMask = 2147483647;
			files = (
			);
			runOnlyForDeploymentPostprocessing = 0;
		};
		C8F6E1A42130A0E300EC5A06 /* Resources */ = {
			isa = PBXResourcesBuildPhase;
			buildActionMask = 2147483647;
			files = (
			);
			runOnlyForDeploymentPostprocessing = 0;
		};
/* End PBXResourcesBuildPhase section */

/* Begin PBXSourcesBuildPhase section */
		C8F6E1802130A0E200EC5A06 /* Sources */ = {
			isa = PBXSourcesBuildPhase;
			buildActionMask = 2147483647;
			files = (
				C8F6E18A2130A0E200EC5A06 /* ViewController.swift in Sources */,
				C8F6E1882130A0E200EC5A06 /* AppDelegate.swift in Sources */,
				C8F6E1902130A0E200EC5A06 /* MyDream1.xcdatamodeld in Sources */,
			);
			runOnlyForDeploymentPostprocessing = 0;
		};
		C8F6E1972130A0E300EC5A06 /* Sources */ = {
			isa = PBXSourcesBuildPhase;
			buildActionMask = 2147483647;
			files = (
				C8F6E1A02130A0E300EC5A06 /* MyDream1Tests.swift in Sources */,
			);
			runOnlyForDeploymentPostprocessing = 0;
		};
		C8F6E1A22130A0E300EC5A06 /* Sources */ = {
			isa = PBXSourcesBuildPhase;
			buildActionMask = 2147483647;
			files = (
				C8F6E1AB2130A0E300EC5A06 /* MyDream1UITests.swift in Sources */,
			);
			runOnlyForDeploymentPostprocessing = 0;
		};
/* End PBXSourcesBuildPhase section */

/* Begin PBXTargetDependency section */
		C8F6E19D2130A0E300EC5A06 /* PBXTargetDependency */ = {
			isa = PBXTargetDependency;
			target = C8F6E1832130A0E200EC5A06 /* MyDream1 */;
			targetProxy = C8F6E19C2130A0E300EC5A06 /* PBXContainerItemProxy */;
		};
		C8F6E1A82130A0E300EC5A06 /* PBXTargetDependency */ = {
			isa = PBXTargetDependency;
			target = C8F6E1832130A0E200EC5A06 /* MyDream1 */;
			targetProxy = C8F6E1A72130A0E300EC5A06 /* PBXContainerItemProxy */;
		};
/* End PBXTargetDependency section */

/* Begin PBXVariantGroup section */
		C8F6E18B2130A0E200EC5A06 /* Main.storyboard */ = {
			isa = PBXVariantGroup;
			children = (
				C8F6E18C2130A0E200EC5A06 /* Base */,
			);
			name = Main.storyboard;
			sourceTree = "<group>";
		};
		C8F6E1932130A0E300EC5A06 /* LaunchScreen.storyboard */ = {
			isa = PBXVariantGroup;
			children = (
				C8F6E1942130A0E300EC5A06 /* Base */,
			);
			name = LaunchScreen.storyboard;
			sourceTree = "<group>";
		};
/* End PBXVariantGroup section */

/* Begin XCBuildConfiguration section */
		C8F6E1AD2130A0E300EC5A06 /* Debug */ = {
			isa = XCBuildConfiguration;
			buildSettings = {
				ALWAYS_SEARCH_USER_PATHS = NO;
				CLANG_ANALYZER_NONNULL = YES;
				CLANG_ANALYZER_NUMBER_OBJECT_CONVERSION = YES_AGGRESSIVE;
				CLANG_CXX_LANGUAGE_STANDARD = "gnu++14";
				CLANG_CXX_LIBRARY = "libc++";
				CLANG_ENABLE_MODULES = YES;
				CLANG_ENABLE_OBJC_ARC = YES;
				CLANG_ENABLE_OBJC_WEAK = YES;
				CLANG_WARN_BLOCK_CAPTURE_AUTORELEASING = YES;
				CLANG_WARN_BOOL_CONVERSION = YES;
				CLANG_WARN_COMMA = YES;
				CLANG_WARN_CONSTANT_CONVERSION = YES;
				CLANG_WARN_DEPRECATED_OBJC_IMPLEMENTATIONS = YES;
				CLANG_WARN_DIRECT_OBJC_ISA_USAGE = YES_ERROR;
				CLANG_WARN_DOCUMENTATION_COMMENTS = YES;
				CLANG_WARN_EMPTY_BODY = YES;
				CLANG_WARN_ENUM_CONVERSION = YES;
				CLANG_WARN_INFINITE_RECURSION = YES;
				CLANG_WARN_INT_CONVERSION = YES;
				CLANG_WARN_NON_LITERAL_NULL_CONVERSION = YES;
				CLANG_WARN_OBJC_IMPLICIT_RETAIN_SELF = YES;
				CLANG_WARN_OBJC_LITERAL_CONVERSION = YES;
				CLANG_WARN_OBJC_ROOT_CLASS = YES_ERROR;
				CLANG_WARN_RANGE_LOOP_ANALYSIS = YES;
				CLANG_WARN_STRICT_PROTOTYPES = YES;
				CLANG_WARN_SUSPICIOUS_MOVE = YES;
				CLANG_WARN_UNGUARDED_AVAILABILITY = YES_AGGRESSIVE;
				CLANG_WARN_UNREACHABLE_CODE = YES;
				CLANG_WARN__DUPLICATE_METHOD_MATCH = YES;
				CODE_SIGN_IDENTITY = "iPhone Developer";
				COPY_PHASE_STRIP = NO;
				DEBUG_INFORMATION_FORMAT = dwarf;
				ENABLE_STRICT_OBJC_MSGSEND = YES;
				ENABLE_TESTABILITY = YES;
				GCC_C_LANGUAGE_STANDARD = gnu11;
				GCC_DYNAMIC_NO_PIC = NO;
				GCC_NO_COMMON_BLOCKS = YES;
				GCC_OPTIMIZATION_LEVEL = 0;
				GCC_PREPROCESSOR_DEFINITIONS = (
					"DEBUG=1",
					"$(inherited)",
				);
				GCC_WARN_64_TO_32_BIT_CONVERSION = YES;
				GCC_WARN_ABOUT_RETURN_TYPE = YES_ERROR;
				GCC_WARN_UNDECLARED_SELECTOR = YES;
				GCC_WARN_UNINITIALIZED_AUTOS = YES_AGGRESSIVE;
				GCC_WARN_UNUSED_FUNCTION = YES;
				GCC_WARN_UNUSED_VARIABLE = YES;
				IPHONEOS_DEPLOYMENT_TARGET = 11.4;
				MTL_ENABLE_DEBUG_INFO = YES;
				ONLY_ACTIVE_ARCH = YES;
				SDKROOT = iphoneos;
				SWIFT_ACTIVE_COMPILATION_CONDITIONS = DEBUG;
				SWIFT_OPTIMIZATION_LEVEL = "-Onone";
			};
			name = Debug;
		};
		C8F6E1AE2130A0E300EC5A06 /* Release */ = {
			isa = XCBuildConfiguration;
			buildSettings = {
				ALWAYS_SEARCH_USER_PATHS = NO;
				CLANG_ANALYZER_NONNULL = YES;
				CLANG_ANALYZER_NUMBER_OBJECT_CONVERSION = YES_AGGRESSIVE;
				CLANG_CXX_LANGUAGE_STANDARD = "gnu++14";
				CLANG_CXX_LIBRARY = "libc++";
				CLANG_ENABLE_MODULES = YES;
				CLANG_ENABLE_OBJC_ARC = YES;
				CLANG_ENABLE_OBJC_WEAK = YES;
				CLANG_WARN_BLOCK_CAPTURE_AUTORELEASING = YES;
				CLANG_WARN_BOOL_CONVERSION = YES;
				CLANG_WARN_COMMA = YES;
				CLANG_WARN_CONSTANT_CONVERSION = YES;
				CLANG_WARN_DEPRECATED_OBJC_IMPLEMENTATIONS = YES;
				CLANG_WARN_DIRECT_OBJC_ISA_USAGE = YES_ERROR;
				CLANG_WARN_DOCUMENTATION_COMMENTS = YES;
				CLANG_WARN_EMPTY_BODY = YES;
				CLANG_WARN_ENUM_CONVERSION = YES;
				CLANG_WARN_INFINITE_RECURSION = YES;
				CLANG_WARN_INT_CONVERSION = YES;
				CLANG_WARN_NON_LITERAL_NULL_CONVERSION = YES;
				CLANG_WARN_OBJC_IMPLICIT_RETAIN_SELF = YES;
				CLANG_WARN_OBJC_LITERAL_CONVERSION = YES;
				CLANG_WARN_OBJC_ROOT_CLASS = YES_ERROR;
				CLANG_WARN_RANGE_LOOP_ANALYSIS = YES;
				CLANG_WARN_STRICT_PROTOTYPES = YES;
				CLANG_WARN_SUSPICIOUS_MOVE = YES;
				CLANG_WARN_UNGUARDED_AVAILABILITY = YES_AGGRESSIVE;
				CLANG_WARN_UNREACHABLE_CODE = YES;
				CLANG_WARN__DUPLICATE_METHOD_MATCH = YES;
				CODE_SIGN_IDENTITY = "iPhone Developer";
				COPY_PHASE_STRIP = NO;
				DEBUG_INFORMATION_FORMAT = "dwarf-with-dsym";
				ENABLE_NS_ASSERTIONS = NO;
				ENABLE_STRICT_OBJC_MSGSEND = YES;
				GCC_C_LANGUAGE_STANDARD = gnu11;
				GCC_NO_COMMON_BLOCKS = YES;
				GCC_WARN_64_TO_32_BIT_CONVERSION = YES;
				GCC_WARN_ABOUT_RETURN_TYPE = YES_ERROR;
				GCC_WARN_UNDECLARED_SELECTOR = YES;
				GCC_WARN_UNINITIALIZED_AUTOS = YES_AGGRESSIVE;
				GCC_WARN_UNUSED_FUNCTION = YES;
				GCC_WARN_UNUSED_VARIABLE = YES;
				IPHONEOS_DEPLOYMENT_TARGET = 11.4;
				MTL_ENABLE_DEBUG_INFO = NO;
				SDKROOT = iphoneos;
				SWIFT_COMPILATION_MODE = wholemodule;
				SWIFT_OPTIMIZATION_LEVEL = "-O";
				VALIDATE_PRODUCT = YES;
			};
			name = Release;
		};
		C8F6E1B02130A0E300EC5A06 /* Debug */ = {
			isa = XCBuildConfiguration;
			buildSettings = {
				ASSETCATALOG_COMPILER_APPICON_NAME = AppIcon;
				CODE_SIGN_STYLE = Automatic;
				INFOPLIST_FILE = MyDream1/Info.plist;
				LD_RUNPATH_SEARCH_PATHS = (
					"$(inherited)",
					"@executable_path/Frameworks",
				);
				PRODUCT_BUNDLE_IDENTIFIER = Fisky.MyDream1;
				PRODUCT_NAME = "$(TARGET_NAME)";
				SWIFT_VERSION = 4.0;
				TARGETED_DEVICE_FAMILY = "1,2";
			};
			name = Debug;
		};
		C8F6E1B12130A0E300EC5A06 /* Release */ = {
			isa = XCBuildConfiguration;
			buildSettings = {
				ASSETCATALOG_COMPILER_APPICON_NAME = AppIcon;
				CODE_SIGN_STYLE = Automatic;
				INFOPLIST_FILE = MyDream1/Info.plist;
				LD_RUNPATH_SEARCH_PATHS = (
					"$(inherited)",
					"@executable_path/Frameworks",
				);
				PRODUCT_BUNDLE_IDENTIFIER = Fisky.MyDream1;
				PRODUCT_NAME = "$(TARGET_NAME)";
				SWIFT_VERSION = 4.0;
				TARGETED_DEVICE_FAMILY = "1,2";
			};
			name = Release;
		};
		C8F6E1B32130A0E300EC5A06 /* Debug */ = {
			isa = XCBuildConfiguration;
			buildSettings = {
				ALWAYS_EMBED_SWIFT_STANDARD_LIBRARIES = YES;
				BUNDLE_LOADER = "$(TEST_HOST)";
				CODE_SIGN_STYLE = Automatic;
				INFOPLIST_FILE = MyDream1Tests/Info.plist;
				LD_RUNPATH_SEARCH_PATHS = (
					"$(inherited)",
					"@executable_path/Frameworks",
					"@loader_path/Frameworks",
				);
				PRODUCT_BUNDLE_IDENTIFIER = Fisky.MyDream1Tests;
				PRODUCT_NAME = "$(TARGET_NAME)";
				SWIFT_VERSION = 4.0;
				TARGETED_DEVICE_FAMILY = "1,2";
				TEST_HOST = "$(BUILT_PRODUCTS_DIR)/MyDream1.app/MyDream1";
			};
			name = Debug;
		};
		C8F6E1B42130A0E300EC5A06 /* Release */ = {
			isa = XCBuildConfiguration;
			buildSettings = {
				ALWAYS_EMBED_SWIFT_STANDARD_LIBRARIES = YES;
				BUNDLE_LOADER = "$(TEST_HOST)";
				CODE_SIGN_STYLE = Automatic;
				INFOPLIST_FILE = MyDream1Tests/Info.plist;
				LD_RUNPATH_SEARCH_PATHS = (
					"$(inherited)",
					"@executable_path/Frameworks",
					"@loader_path/Frameworks",
				);
				PRODUCT_BUNDLE_IDENTIFIER = Fisky.MyDream1Tests;
				PRODUCT_NAME = "$(TARGET_NAME)";
				SWIFT_VERSION = 4.0;
				TARGETED_DEVICE_FAMILY = "1,2";
				TEST_HOST = "$(BUILT_PRODUCTS_DIR)/MyDream1.app/MyDream1";
			};
			name = Release;
		};
		C8F6E1B62130A0E300EC5A06 /* Debug */ = {
			isa = XCBuildConfiguration;
			buildSettings = {
				ALWAYS_EMBED_SWIFT_STANDARD_LIBRARIES = YES;
				CODE_SIGN_STYLE = Automatic;
				INFOPLIST_FILE = MyDream1UITests/Info.plist;
				LD_RUNPATH_SEARCH_PATHS = (
					"$(inherited)",
					"@executable_path/Frameworks",
					"@loader_path/Frameworks",
				);
				PRODUCT_BUNDLE_IDENTIFIER = Fisky.MyDream1UITests;
				PRODUCT_NAME = "$(TARGET_NAME)";
				SWIFT_VERSION = 4.0;
				TARGETED_DEVICE_FAMILY = "1,2";
				TEST_TARGET_NAME = MyDream1;
			};
			name = Debug;
		};
		C8F6E1B72130A0E300EC5A06 /* Release */ = {
			isa = XCBuildConfiguration;
			buildSettings = {
				ALWAYS_EMBED_SWIFT_STANDARD_LIBRARIES = YES;
				CODE_SIGN_STYLE = Automatic;
				INFOPLIST_FILE = MyDream1UITests/Info.plist;
				LD_RUNPATH_SEARCH_PATHS = (
					"$(inherited)",
					"@executable_path/Frameworks",
					"@loader_path/Frameworks",
				);
				PRODUCT_BUNDLE_IDENTIFIER = Fisky.MyDream1UITests;
				PRODUCT_NAME = "$(TARGET_NAME)";
				SWIFT_VERSION = 4.0;
				TARGETED_DEVICE_FAMILY = "1,2";
				TEST_TARGET_NAME = MyDream1;
			};
			name = Release;
		};
/* End XCBuildConfiguration section */

/* Begin XCConfigurationList section */
		C8F6E17F2130A0E200EC5A06 /* Build configuration list for PBXProject "MyDream1" */ = {
			isa = XCConfigurationList;
			buildConfigurations = (
				C8F6E1AD2130A0E300EC5A06 /* Debug */,
				C8F6E1AE2130A0E300EC5A06 /* Release */,
			);
			defaultConfigurationIsVisible = 0;
			defaultConfigurationName = Release;
		};
		C8F6E1AF2130A0E300EC5A06 /* Build configuration list for PBXNativeTarget "MyDream1" */ = {
			isa = XCConfigurationList;
			buildConfigurations = (
				C8F6E1B02130A0E300EC5A06 /* Debug */,
				C8F6E1B12130A0E300EC5A06 /* Release */,
			);
			defaultConfigurationIsVisible = 0;
			defaultConfigurationName = Release;
		};
		C8F6E1B22130A0E300EC5A06 /* Build configuration list for PBXNativeTarget "MyDream1Tests" */ = {
			isa = XCConfigurationList;
			buildConfigurations = (
				C8F6E1B32130A0E300EC5A06 /* Debug */,
				C8F6E1B42130A0E300EC5A06 /* Release */,
			);
			defaultConfigurationIsVisible = 0;
			defaultConfigurationName = Release;
		};
		C8F6E1B52130A0E300EC5A06 /* Build configuration list for PBXNativeTarget "MyDream1UITests" */ = {
			isa = XCConfigurationList;
			buildConfigurations = (
				C8F6E1B62130A0E300EC5A06 /* Debug */,
				C8F6E1B72130A0E300EC5A06 /* Release */,
			);
			defaultConfigurationIsVisible = 0;
			defaultConfigurationName = Release;
		};
/* End XCConfigurationList section */

/* Begin XCVersionGroup section */
		C8F6E18E2130A0E200EC5A06 /* MyDream1.xcdatamodeld */ = {
			isa = XCVersionGroup;
			children = (
				C8F6E18F2130A0E200EC5A06 /* MyDream1.xcdatamodel */,
			);
			currentVersion = C8F6E18F2130A0E200EC5A06 /* MyDream1.xcdatamodel */;
			path = MyDream1.xcdatamodeld;
			sourceTree = "<group>";
			versionGroupType = wrapper.xcdatamodel;
		};
/* End XCVersionGroup section */
	};
	rootObject = C8F6E17C2130A0E200EC5A06 /* Project object */;
}
