// !$*UTF8*$!
{
	archiveVersion = 1;
	classes = {
	};
	objectVersion = 50;
	objects = {

/* Begin PBXBuildFile section */
		8FF4EC279A9B86C3BE8C647A /* Pods_MyDream1.framework in Frameworks */ = {isa = PBXBuildFile; fileRef = 206665E63A6DCDAE1F3856E9 /* Pods_MyDream1.framework */; };
		9BE39699DDD587C0FDA0B656 /* Pods_MyDream1Tests.framework in Frameworks */ = {isa = PBXBuildFile; fileRef = 4A6D7DF125A600A38A553DC4 /* Pods_MyDream1Tests.framework */; };
		C80A69F02173911B0052DAF5 /* AFMapviewWrapper.swift in Sources */ = {isa = PBXBuildFile; fileRef = C80A69EF2173911B0052DAF5 /* AFMapviewWrapper.swift */; };
		C80B4EF8216C4F1900689975 /* Temp.swift in Sources */ = {isa = PBXBuildFile; fileRef = C80B4EF7216C4F1900689975 /* Temp.swift */; };
		C80B4EFA216C4F7400689975 /* Temp2.swift in Sources */ = {isa = PBXBuildFile; fileRef = C80B4EF9216C4F7400689975 /* Temp2.swift */; };
		C821BD4021322A6B00D77D15 /* LoginPresenter.swift in Sources */ = {isa = PBXBuildFile; fileRef = C821BD3A21322A6B00D77D15 /* LoginPresenter.swift */; };
		C821BD4121322A6B00D77D15 /* LoginWorker.swift in Sources */ = {isa = PBXBuildFile; fileRef = C821BD3B21322A6B00D77D15 /* LoginWorker.swift */; };
		C821BD4221322A6B00D77D15 /* LoginRouter.swift in Sources */ = {isa = PBXBuildFile; fileRef = C821BD3C21322A6B00D77D15 /* LoginRouter.swift */; };
		C821BD4321322A6B00D77D15 /* LoginModels.swift in Sources */ = {isa = PBXBuildFile; fileRef = C821BD3D21322A6B00D77D15 /* LoginModels.swift */; };
		C821BD4421322A6B00D77D15 /* LoginViewController.swift in Sources */ = {isa = PBXBuildFile; fileRef = C821BD3E21322A6B00D77D15 /* LoginViewController.swift */; };
		C821BD4521322A6B00D77D15 /* LoginInteractor.swift in Sources */ = {isa = PBXBuildFile; fileRef = C821BD3F21322A6B00D77D15 /* LoginInteractor.swift */; };
		C8255F33215C06BD0015B458 /* HomePresenter.swift in Sources */ = {isa = PBXBuildFile; fileRef = C8255F2D215C06BD0015B458 /* HomePresenter.swift */; };
		C8255F34215C06BD0015B458 /* HomeWorker.swift in Sources */ = {isa = PBXBuildFile; fileRef = C8255F2E215C06BD0015B458 /* HomeWorker.swift */; };
		C8255F35215C06BD0015B458 /* HomeRouter.swift in Sources */ = {isa = PBXBuildFile; fileRef = C8255F2F215C06BD0015B458 /* HomeRouter.swift */; };
		C8255F36215C06BD0015B458 /* HomeModels.swift in Sources */ = {isa = PBXBuildFile; fileRef = C8255F30215C06BD0015B458 /* HomeModels.swift */; };
		C8255F37215C06BD0015B458 /* HomeViewController.swift in Sources */ = {isa = PBXBuildFile; fileRef = C8255F31215C06BD0015B458 /* HomeViewController.swift */; };
		C8255F38215C06BD0015B458 /* HomeInteractor.swift in Sources */ = {isa = PBXBuildFile; fileRef = C8255F32215C06BD0015B458 /* HomeInteractor.swift */; };
		C8255F3C215C07240015B458 /* SidebarView.swift in Sources */ = {isa = PBXBuildFile; fileRef = C8255F3A215C07240015B458 /* SidebarView.swift */; };
		C8255F3D215C07240015B458 /* ViewController.swift in Sources */ = {isa = PBXBuildFile; fileRef = C8255F3B215C07240015B458 /* ViewController.swift */; };
		C8748BF22166A0DE00ED6ADD /* GeneralRouterManager.swift in Sources */ = {isa = PBXBuildFile; fileRef = C8748BF12166A0DE00ED6ADD /* GeneralRouterManager.swift */; };
		C8748BF42166A3E100ED6ADD /* Main.storyboard in Resources */ = {isa = PBXBuildFile; fileRef = C8748BF32166A3E100ED6ADD /* Main.storyboard */; };
		C8F6E1882130A0E200EC5A06 /* AppDelegate.swift in Sources */ = {isa = PBXBuildFile; fileRef = C8F6E1872130A0E200EC5A06 /* AppDelegate.swift */; };
		C8F6E18D2130A0E200EC5A06 /* Login.storyboard in Resources */ = {isa = PBXBuildFile; fileRef = C8F6E18B2130A0E200EC5A06 /* Login.storyboard */; };
		C8F6E1902130A0E200EC5A06 /* MyDream1.xcdatamodeld in Sources */ = {isa = PBXBuildFile; fileRef = C8F6E18E2130A0E200EC5A06 /* MyDream1.xcdatamodeld */; };
		C8F6E1922130A0E300EC5A06 /* Assets.xcassets in Resources */ = {isa = PBXBuildFile; fileRef = C8F6E1912130A0E300EC5A06 /* Assets.xcassets */; };
		C8F6E1952130A0E300EC5A06 /* LaunchScreen.storyboard in Resources */ = {isa = PBXBuildFile; fileRef = C8F6E1932130A0E300EC5A06 /* LaunchScreen.storyboard */; };
		C8F6E1A02130A0E300EC5A06 /* MyDream1Tests.swift in Sources */ = {isa = PBXBuildFile; fileRef = C8F6E19F2130A0E300EC5A06 /* MyDream1Tests.swift */; };
		C8F6E1AB2130A0E300EC5A06 /* MyDream1UITests.swift in Sources */ = {isa = PBXBuildFile; fileRef = C8F6E1AA2130A0E300EC5A06 /* MyDream1UITests.swift */; };
		D0088C86CA0EE39EA645B178 /* Pods_MyDream1UITests.framework in Frameworks */ = {isa = PBXBuildFile; fileRef = F0E91B44531BDD935609B425 /* Pods_MyDream1UITests.framework */; };
/* End PBXBuildFile section */

/* Begin PBXContainerItemProxy section */
		C8F6E19C2130A0E300EC5A06 /* PBXContainerItemProxy */ = {
			isa = PBXContainerItemProxy;
			containerPortal = C8F6E17C2130A0E200EC5A06 /* Project object */;
			proxyType = 1;
			remoteGlobalIDString = C8F6E1832130A0E200EC5A06;
			remoteInfo = MyDream1;
		};
		C8F6E1A72130A0E300EC5A06 /* PBXContainerItemProxy */ = {
			isa = PBXContainerItemProxy;
			containerPortal = C8F6E17C2130A0E200EC5A06 /* Project object */;
			proxyType = 1;
			remoteGlobalIDString = C8F6E1832130A0E200EC5A06;
			remoteInfo = MyDream1;
		};
/* End PBXContainerItemProxy section */

/* Begin PBXFileReference section */
		0C2BC90612C24848902B0A05 /* Pods-MyDream1UITests.release.xcconfig */ = {isa = PBXFileReference; includeInIndex = 1; lastKnownFileType = text.xcconfig; name = "Pods-MyDream1UITests.release.xcconfig"; path = "Pods/Target Support Files/Pods-MyDream1UITests/Pods-MyDream1UITests.release.xcconfig"; sourceTree = "<group>"; };
		0F7A3E6D00455CD7F5517D9A /* Pods-MyDream1.release.xcconfig */ = {isa = PBXFileReference; includeInIndex = 1; lastKnownFileType = text.xcconfig; name = "Pods-MyDream1.release.xcconfig"; path = "Pods/Target Support Files/Pods-MyDream1/Pods-MyDream1.release.xcconfig"; sourceTree = "<group>"; };
		1B0B33743DCC826A24D77443 /* Pods-MyDream1UITests.debug.xcconfig */ = {isa = PBXFileReference; includeInIndex = 1; lastKnownFileType = text.xcconfig; name = "Pods-MyDream1UITests.debug.xcconfig"; path = "Pods/Target Support Files/Pods-MyDream1UITests/Pods-MyDream1UITests.debug.xcconfig"; sourceTree = "<group>"; };
		206665E63A6DCDAE1F3856E9 /* Pods_MyDream1.framework */ = {isa = PBXFileReference; explicitFileType = wrapper.framework; includeInIndex = 0; path = Pods_MyDream1.framework; sourceTree = BUILT_PRODUCTS_DIR; };
		4A6D7DF125A600A38A553DC4 /* Pods_MyDream1Tests.framework */ = {isa = PBXFileReference; explicitFileType = wrapper.framework; includeInIndex = 0; path = Pods_MyDream1Tests.framework; sourceTree = BUILT_PRODUCTS_DIR; };
		7925BA95C214C0E275945DF5 /* Pods-MyDream1.debug.xcconfig */ = {isa = PBXFileReference; includeInIndex = 1; lastKnownFileType = text.xcconfig; name = "Pods-MyDream1.debug.xcconfig"; path = "Pods/Target Support Files/Pods-MyDream1/Pods-MyDream1.debug.xcconfig"; sourceTree = "<group>"; };
		C1EF2C75FC6BFB1918E2911A /* Pods-MyDream1Tests.release.xcconfig */ = {isa = PBXFileReference; includeInIndex = 1; lastKnownFileType = text.xcconfig; name = "Pods-MyDream1Tests.release.xcconfig"; path = "Pods/Target Support Files/Pods-MyDream1Tests/Pods-MyDream1Tests.release.xcconfig"; sourceTree = "<group>"; };
		C80A69EF2173911B0052DAF5 /* AFMapviewWrapper.swift */ = {isa = PBXFileReference; lastKnownFileType = sourcecode.swift; path = AFMapviewWrapper.swift; sourceTree = "<group>"; };
		C80B4EF7216C4F1900689975 /* Temp.swift */ = {isa = PBXFileReference; lastKnownFileType = sourcecode.swift; path = Temp.swift; sourceTree = "<group>"; };
		C80B4EF9216C4F7400689975 /* Temp2.swift */ = {isa = PBXFileReference; lastKnownFileType = sourcecode.swift; path = Temp2.swift; sourceTree = "<group>"; };
		C821BD3A21322A6B00D77D15 /* LoginPresenter.swift */ = {isa = PBXFileReference; lastKnownFileType = sourcecode.swift; path = LoginPresenter.swift; sourceTree = "<group>"; };
		C821BD3B21322A6B00D77D15 /* LoginWorker.swift */ = {isa = PBXFileReference; lastKnownFileType = sourcecode.swift; path = LoginWorker.swift; sourceTree = "<group>"; };
		C821BD3C21322A6B00D77D15 /* LoginRouter.swift */ = {isa = PBXFileReference; lastKnownFileType = sourcecode.swift; path = LoginRouter.swift; sourceTree = "<group>"; };
		C821BD3D21322A6B00D77D15 /* LoginModels.swift */ = {isa = PBXFileReference; lastKnownFileType = sourcecode.swift; path = LoginModels.swift; sourceTree = "<group>"; };
		C821BD3E21322A6B00D77D15 /* LoginViewController.swift */ = {isa = PBXFileReference; lastKnownFileType = sourcecode.swift; path = LoginViewController.swift; sourceTree = "<group>"; };
		C821BD3F21322A6B00D77D15 /* LoginInteractor.swift */ = {isa = PBXFileReference; lastKnownFileType = sourcecode.swift; path = LoginInteractor.swift; sourceTree = "<group>"; };
		C8255F2D215C06BD0015B458 /* HomePresenter.swift */ = {isa = PBXFileReference; lastKnownFileType = sourcecode.swift; path = HomePresenter.swift; sourceTree = "<group>"; };
		C8255F2E215C06BD0015B458 /* HomeWorker.swift */ = {isa = PBXFileReference; lastKnownFileType = sourcecode.swift; path = HomeWorker.swift; sourceTree = "<group>"; };
		C8255F2F215C06BD0015B458 /* HomeRouter.swift */ = {isa = PBXFileReference; lastKnownFileType = sourcecode.swift; path = HomeRouter.swift; sourceTree = "<group>"; };
		C8255F30215C06BD0015B458 /* HomeModels.swift */ = {isa = PBXFileReference; lastKnownFileType = sourcecode.swift; path = HomeModels.swift; sourceTree = "<group>"; };
		C8255F31215C06BD0015B458 /* HomeViewController.swift */ = {isa = PBXFileReference; lastKnownFileType = sourcecode.swift; path = HomeViewController.swift; sourceTree = "<group>"; };
		C8255F32215C06BD0015B458 /* HomeInteractor.swift */ = {isa = PBXFileReference; lastKnownFileType = sourcecode.swift; path = HomeInteractor.swift; sourceTree = "<group>"; };
		C8255F3A215C07240015B458 /* SidebarView.swift */ = {isa = PBXFileReference; fileEncoding = 4; lastKnownFileType = sourcecode.swift; path = SidebarView.swift; sourceTree = "<group>"; };
		C8255F3B215C07240015B458 /* ViewController.swift */ = {isa = PBXFileReference; fileEncoding = 4; lastKnownFileType = sourcecode.swift; path = ViewController.swift; sourceTree = "<group>"; };
		C872E4BC76F91EF31B51B8CA /* Pods-MyDream1Tests.debug.xcconfig */ = {isa = PBXFileReference; includeInIndex = 1; lastKnownFileType = text.xcconfig; name = "Pods-MyDream1Tests.debug.xcconfig"; path = "Pods/Target Support Files/Pods-MyDream1Tests/Pods-MyDream1Tests.debug.xcconfig"; sourceTree = "<group>"; };
		C8748BF12166A0DE00ED6ADD /* GeneralRouterManager.swift */ = {isa = PBXFileReference; fileEncoding = 4; lastKnownFileType = sourcecode.swift; path = GeneralRouterManager.swift; sourceTree = "<group>"; };
		C8748BF32166A3E100ED6ADD /* Main.storyboard */ = {isa = PBXFileReference; lastKnownFileType = file.storyboard; path = Main.storyboard; sourceTree = "<group>"; };
		C8E195D42154242400C06495 /* MyDream 2.xcdatamodel */ = {isa = PBXFileReference; lastKnownFileType = wrapper.xcdatamodel; path = "MyDream 2.xcdatamodel"; sourceTree = "<group>"; };
		C8F6E1842130A0E200EC5A06 /* MyDream1.app */ = {isa = PBXFileReference; explicitFileType = wrapper.application; includeInIndex = 0; path = MyDream1.app; sourceTree = BUILT_PRODUCTS_DIR; };
		C8F6E1872130A0E200EC5A06 /* AppDelegate.swift */ = {isa = PBXFileReference; lastKnownFileType = sourcecode.swift; path = AppDelegate.swift; sourceTree = "<group>"; };
		C8F6E18C2130A0E200EC5A06 /* Base */ = {isa = PBXFileReference; lastKnownFileType = file.storyboard; name = Base; path = Base.lproj/Login.storyboard; sourceTree = "<group>"; };
		C8F6E18F2130A0E200EC5A06 /* MyDream1.xcdatamodel */ = {isa = PBXFileReference; lastKnownFileType = wrapper.xcdatamodel; path = MyDream1.xcdatamodel; sourceTree = "<group>"; };
		C8F6E1912130A0E300EC5A06 /* Assets.xcassets */ = {isa = PBXFileReference; lastKnownFileType = folder.assetcatalog; path = Assets.xcassets; sourceTree = "<group>"; };
		C8F6E1942130A0E300EC5A06 /* Base */ = {isa = PBXFileReference; lastKnownFileType = file.storyboard; name = Base; path = Base.lproj/LaunchScreen.storyboard; sourceTree = "<group>"; };
		C8F6E1962130A0E300EC5A06 /* Info.plist */ = {isa = PBXFileReference; lastKnownFileType = text.plist.xml; path = Info.plist; sourceTree = "<group>"; };
		C8F6E19B2130A0E300EC5A06 /* MyDream1Tests.xctest */ = {isa = PBXFileReference; explicitFileType = wrapper.cfbundle; includeInIndex = 0; path = MyDream1Tests.xctest; sourceTree = BUILT_PRODUCTS_DIR; };
		C8F6E19F2130A0E300EC5A06 /* MyDream1Tests.swift */ = {isa = PBXFileReference; lastKnownFileType = sourcecode.swift; path = MyDream1Tests.swift; sourceTree = "<group>"; };
		C8F6E1A12130A0E300EC5A06 /* Info.plist */ = {isa = PBXFileReference; lastKnownFileType = text.plist.xml; path = Info.plist; sourceTree = "<group>"; };
		C8F6E1A62130A0E300EC5A06 /* MyDream1UITests.xctest */ = {isa = PBXFileReference; explicitFileType = wrapper.cfbundle; includeInIndex = 0; path = MyDream1UITests.xctest; sourceTree = BUILT_PRODUCTS_DIR; };
		C8F6E1AA2130A0E300EC5A06 /* MyDream1UITests.swift */ = {isa = PBXFileReference; lastKnownFileType = sourcecode.swift; path = MyDream1UITests.swift; sourceTree = "<group>"; };
		C8F6E1AC2130A0E300EC5A06 /* Info.plist */ = {isa = PBXFileReference; lastKnownFileType = text.plist.xml; path = Info.plist; sourceTree = "<group>"; };
		F0E91B44531BDD935609B425 /* Pods_MyDream1UITests.framework */ = {isa = PBXFileReference; explicitFileType = wrapper.framework; includeInIndex = 0; path = Pods_MyDream1UITests.framework; sourceTree = BUILT_PRODUCTS_DIR; };
/* End PBXFileReference section */

/* Begin PBXFrameworksBuildPhase section */
		C8F6E1812130A0E200EC5A06 /* Frameworks */ = {
			isa = PBXFrameworksBuildPhase;
			buildActionMask = 2147483647;
			files = (
				8FF4EC279A9B86C3BE8C647A /* Pods_MyDream1.framework in Frameworks */,
			);
			runOnlyForDeploymentPostprocessing = 0;
		};
		C8F6E1982130A0E300EC5A06 /* Frameworks */ = {
			isa = PBXFrameworksBuildPhase;
			buildActionMask = 2147483647;
			files = (
				9BE39699DDD587C0FDA0B656 /* Pods_MyDream1Tests.framework in Frameworks */,
			);
			runOnlyForDeploymentPostprocessing = 0;
		};
		C8F6E1A32130A0E300EC5A06 /* Frameworks */ = {
			isa = PBXFrameworksBuildPhase;
			buildActionMask = 2147483647;
			files = (
				D0088C86CA0EE39EA645B178 /* Pods_MyDream1UITests.framework in Frameworks */,
			);
			runOnlyForDeploymentPostprocessing = 0;
		};
/* End PBXFrameworksBuildPhase section */

/* Begin PBXGroup section */
		A3238ABB13DE902B03A83F5A /* Pods */ = {
			isa = PBXGroup;
			children = (
				7925BA95C214C0E275945DF5 /* Pods-MyDream1.debug.xcconfig */,
				0F7A3E6D00455CD7F5517D9A /* Pods-MyDream1.release.xcconfig */,
				C872E4BC76F91EF31B51B8CA /* Pods-MyDream1Tests.debug.xcconfig */,
				C1EF2C75FC6BFB1918E2911A /* Pods-MyDream1Tests.release.xcconfig */,
				1B0B33743DCC826A24D77443 /* Pods-MyDream1UITests.debug.xcconfig */,
				0C2BC90612C24848902B0A05 /* Pods-MyDream1UITests.release.xcconfig */,
			);
			name = Pods;
			sourceTree = "<group>";
		};
		BB67F2EEB036A2E6FB872E48 /* Frameworks */ = {
			isa = PBXGroup;
			children = (
				206665E63A6DCDAE1F3856E9 /* Pods_MyDream1.framework */,
				4A6D7DF125A600A38A553DC4 /* Pods_MyDream1Tests.framework */,
				F0E91B44531BDD935609B425 /* Pods_MyDream1UITests.framework */,
			);
			name = Frameworks;
			sourceTree = "<group>";
		};
		C821BD4621322A7600D77D15 /* Login */ = {
			isa = PBXGroup;
			children = (
				C8F6E18B2130A0E200EC5A06 /* Login.storyboard */,
				C821BD3B21322A6B00D77D15 /* LoginWorker.swift */,
				C821BD3C21322A6B00D77D15 /* LoginRouter.swift */,
				C821BD3D21322A6B00D77D15 /* LoginModels.swift */,
				C821BD3E21322A6B00D77D15 /* LoginViewController.swift */,
				C821BD3F21322A6B00D77D15 /* LoginInteractor.swift */,
				C821BD3A21322A6B00D77D15 /* LoginPresenter.swift */,
			);
			name = Login;
			path = ..;
			sourceTree = "<group>";
		};
		C8255F39215C06C30015B458 /* Home */ = {
			isa = PBXGroup;
			children = (
				C8255F2D215C06BD0015B458 /* HomePresenter.swift */,
				C8255F2E215C06BD0015B458 /* HomeWorker.swift */,
				C8255F2F215C06BD0015B458 /* HomeRouter.swift */,
				C8255F30215C06BD0015B458 /* HomeModels.swift */,
				C8255F31215C06BD0015B458 /* HomeViewController.swift */,
				C8255F32215C06BD0015B458 /* HomeInteractor.swift */,
			);
			path = Home;
			sourceTree = "<group>";
		};
		C8F6E17B2130A0E200EC5A06 = {
			isa = PBXGroup;
			children = (
				C8F6E1862130A0E200EC5A06 /* MyDream1 */,
				C8F6E19E2130A0E300EC5A06 /* MyDream1Tests */,
				C8F6E1A92130A0E300EC5A06 /* MyDream1UITests */,
				C8F6E1852130A0E200EC5A06 /* Products */,
				A3238ABB13DE902B03A83F5A /* Pods */,
				BB67F2EEB036A2E6FB872E48 /* Frameworks */,
			);
			sourceTree = "<group>";
		};
		C8F6E1852130A0E200EC5A06 /* Products */ = {
			isa = PBXGroup;
			children = (
				C8F6E1842130A0E200EC5A06 /* MyDream1.app */,
				C8F6E19B2130A0E300EC5A06 /* MyDream1Tests.xctest */,
				C8F6E1A62130A0E300EC5A06 /* MyDream1UITests.xctest */,
			);
			name = Products;
			sourceTree = "<group>";
		};
		C8F6E1862130A0E200EC5A06 /* MyDream1 */ = {
			isa = PBXGroup;
			children = (
				C80A69EF2173911B0052DAF5 /* AFMapviewWrapper.swift */,
				C8748BF12166A0DE00ED6ADD /* GeneralRouterManager.swift */,
				C8255F3A215C07240015B458 /* SidebarView.swift */,
				C8255F3B215C07240015B458 /* ViewController.swift */,
				C8255F39215C06C30015B458 /* Home */,
				C821BD4621322A7600D77D15 /* Login */,
				C8F6E1872130A0E200EC5A06 /* AppDelegate.swift */,
				C8F6E1912130A0E300EC5A06 /* Assets.xcassets */,
				C8F6E1932130A0E300EC5A06 /* LaunchScreen.storyboard */,
				C8F6E1962130A0E300EC5A06 /* Info.plist */,
				C8F6E18E2130A0E200EC5A06 /* MyDream1.xcdatamodeld */,
				C8748BF32166A3E100ED6ADD /* Main.storyboard */,
				C80B4EF7216C4F1900689975 /* Temp.swift */,
				C80B4EF9216C4F7400689975 /* Temp2.swift */,
			);
			path = MyDream1;
			sourceTree = "<group>";
		};
		C8F6E19E2130A0E300EC5A06 /* MyDream1Tests */ = {
			isa = PBXGroup;
			children = (
				C8F6E19F2130A0E300EC5A06 /* MyDream1Tests.swift */,
				C8F6E1A12130A0E300EC5A06 /* Info.plist */,
			);
			path = MyDream1Tests;
			sourceTree = "<group>";
		};
		C8F6E1A92130A0E300EC5A06 /* MyDream1UITests */ = {
			isa = PBXGroup;
			children = (
				C8F6E1AA2130A0E300EC5A06 /* MyDream1UITests.swift */,
				C8F6E1AC2130A0E300EC5A06 /* Info.plist */,
			);
			path = MyDream1UITests;
			sourceTree = "<group>";
		};
/* End PBXGroup section */

/* Begin PBXNativeTarget section */
		C8F6E1832130A0E200EC5A06 /* MyDream1 */ = {
			isa = PBXNativeTarget;
			buildConfigurationList = C8F6E1AF2130A0E300EC5A06 /* Build configuration list for PBXNativeTarget "MyDream1" */;
			buildPhases = (
				460490425FD55C6448E00489 /* [CP] Check Pods Manifest.lock */,
				C8F6E1802130A0E200EC5A06 /* Sources */,
				C8F6E1812130A0E200EC5A06 /* Frameworks */,
				C8F6E1822130A0E200EC5A06 /* Resources */,
				D95085A6F7EC1802F555972B /* [CP] Copy Pods Resources */,
			);
			buildRules = (
			);
			dependencies = (
			);
			name = MyDream1;
			productName = MyDream1;
			productReference = C8F6E1842130A0E200EC5A06 /* MyDream1.app */;
			productType = "com.apple.product-type.application";
		};
		C8F6E19A2130A0E300EC5A06 /* MyDream1Tests */ = {
			isa = PBXNativeTarget;
			buildConfigurationList = C8F6E1B22130A0E300EC5A06 /* Build configuration list for PBXNativeTarget "MyDream1Tests" */;
			buildPhases = (
				E23E509CE115DA5B646E37BE /* [CP] Check Pods Manifest.lock */,
				C8F6E1972130A0E300EC5A06 /* Sources */,
				C8F6E1982130A0E300EC5A06 /* Frameworks */,
				C8F6E1992130A0E300EC5A06 /* Resources */,
			);
			buildRules = (
			);
			dependencies = (
				C8F6E19D2130A0E300EC5A06 /* PBXTargetDependency */,
			);
			name = MyDream1Tests;
			productName = MyDream1Tests;
			productReference = C8F6E19B2130A0E300EC5A06 /* MyDream1Tests.xctest */;
			productType = "com.apple.product-type.bundle.unit-test";
		};
		C8F6E1A52130A0E300EC5A06 /* MyDream1UITests */ = {
			isa = PBXNativeTarget;
			buildConfigurationList = C8F6E1B52130A0E300EC5A06 /* Build configuration list for PBXNativeTarget "MyDream1UITests" */;
			buildPhases = (
				CBB1B62F7385C9B54ACBB931 /* [CP] Check Pods Manifest.lock */,
				C8F6E1A22130A0E300EC5A06 /* Sources */,
				C8F6E1A32130A0E300EC5A06 /* Frameworks */,
				C8F6E1A42130A0E300EC5A06 /* Resources */,
			);
			buildRules = (
			);
			dependencies = (
				C8F6E1A82130A0E300EC5A06 /* PBXTargetDependency */,
			);
			name = MyDream1UITests;
			productName = MyDream1UITests;
			productReference = C8F6E1A62130A0E300EC5A06 /* MyDream1UITests.xctest */;
			productType = "com.apple.product-type.bundle.ui-testing";
		};
/* End PBXNativeTarget section */

/* Begin PBXProject section */
		C8F6E17C2130A0E200EC5A06 /* Project object */ = {
			isa = PBXProject;
			attributes = {
				LastSwiftUpdateCheck = 0940;
				LastUpgradeCheck = 0940;
				ORGANIZATIONNAME = Fisky;
				TargetAttributes = {
					C8F6E1832130A0E200EC5A06 = {
						CreatedOnToolsVersion = 9.4.1;
					};
					C8F6E19A2130A0E300EC5A06 = {
						CreatedOnToolsVersion = 9.4.1;
						TestTargetID = C8F6E1832130A0E200EC5A06;
					};
					C8F6E1A52130A0E300EC5A06 = {
						CreatedOnToolsVersion = 9.4.1;
						TestTargetID = C8F6E1832130A0E200EC5A06;
					};
				};
			};
			buildConfigurationList = C8F6E17F2130A0E200EC5A06 /* Build configuration list for PBXProject "MyDream1" */;
			compatibilityVersion = "Xcode 9.3";
			developmentRegion = en;
			hasScannedForEncodings = 0;
			knownRegions = (
				en,
				Base,
			);
			mainGroup = C8F6E17B2130A0E200EC5A06;
			productRefGroup = C8F6E1852130A0E200EC5A06 /* Products */;
			projectDirPath = "";
			projectRoot = "";
			targets = (
				C8F6E1832130A0E200EC5A06 /* MyDream1 */,
				C8F6E19A2130A0E300EC5A06 /* MyDream1Tests */,
				C8F6E1A52130A0E300EC5A06 /* MyDream1UITests */,
			);
		};
/* End PBXProject section */

/* Begin PBXResourcesBuildPhase section */
		C8F6E1822130A0E200EC5A06 /* Resources */ = {
			isa = PBXResourcesBuildPhase;
			buildActionMask = 2147483647;
			files = (
				C8F6E1952130A0E300EC5A06 /* LaunchScreen.storyboard in Resources */,
				C8F6E1922130A0E300EC5A06 /* Assets.xcassets in Resources */,
				C8F6E18D2130A0E200EC5A06 /* Login.storyboard in Resources */,
				C8748BF42166A3E100ED6ADD /* Main.storyboard in Resources */,
			);
			runOnlyForDeploymentPostprocessing = 0;
		};
		C8F6E1992130A0E300EC5A06 /* Resources */ = {
			isa = PBXResourcesBuildPhase;
			buildActionMask = 2147483647;
			files = (
			);
			runOnlyForDeploymentPostprocessing = 0;
		};
		C8F6E1A42130A0E300EC5A06 /* Resources */ = {
			isa = PBXResourcesBuildPhase;
			buildActionMask = 2147483647;
			files = (
			);
			runOnlyForDeploymentPostprocessing = 0;
		};
/* End PBXResourcesBuildPhase section */

/* Begin PBXShellScriptBuildPhase section */
		460490425FD55C6448E00489 /* [CP] Check Pods Manifest.lock */ = {
			isa = PBXShellScriptBuildPhase;
			buildActionMask = 2147483647;
			files = (
			);
			inputPaths = (
				"${PODS_PODFILE_DIR_PATH}/Podfile.lock",
				"${PODS_ROOT}/Manifest.lock",
			);
			name = "[CP] Check Pods Manifest.lock";
			outputPaths = (
				"$(DERIVED_FILE_DIR)/Pods-MyDream1-checkManifestLockResult.txt",
			);
			runOnlyForDeploymentPostprocessing = 0;
			shellPath = /bin/sh;
			shellScript = "diff \"${PODS_PODFILE_DIR_PATH}/Podfile.lock\" \"${PODS_ROOT}/Manifest.lock\" > /dev/null\nif [ $? != 0 ] ; then\n    # print error to STDERR\n    echo \"error: The sandbox is not in sync with the Podfile.lock. Run 'pod install' or update your CocoaPods installation.\" >&2\n    exit 1\nfi\n# This output is used by Xcode 'outputs' to avoid re-running this script phase.\necho \"SUCCESS\" > \"${SCRIPT_OUTPUT_FILE_0}\"\n";
			showEnvVarsInLog = 0;
		};
		CBB1B62F7385C9B54ACBB931 /* [CP] Check Pods Manifest.lock */ = {
			isa = PBXShellScriptBuildPhase;
			buildActionMask = 2147483647;
			files = (
			);
			inputPaths = (
				"${PODS_PODFILE_DIR_PATH}/Podfile.lock",
				"${PODS_ROOT}/Manifest.lock",
			);
			name = "[CP] Check Pods Manifest.lock";
			outputPaths = (
				"$(DERIVED_FILE_DIR)/Pods-MyDream1UITests-checkManifestLockResult.txt",
			);
			runOnlyForDeploymentPostprocessing = 0;
			shellPath = /bin/sh;
			shellScript = "diff \"${PODS_PODFILE_DIR_PATH}/Podfile.lock\" \"${PODS_ROOT}/Manifest.lock\" > /dev/null\nif [ $? != 0 ] ; then\n    # print error to STDERR\n    echo \"error: The sandbox is not in sync with the Podfile.lock. Run 'pod install' or update your CocoaPods installation.\" >&2\n    exit 1\nfi\n# This output is used by Xcode 'outputs' to avoid re-running this script phase.\necho \"SUCCESS\" > \"${SCRIPT_OUTPUT_FILE_0}\"\n";
			showEnvVarsInLog = 0;
		};
		D95085A6F7EC1802F555972B /* [CP] Copy Pods Resources */ = {
			isa = PBXShellScriptBuildPhase;
			buildActionMask = 2147483647;
			files = (
			);
			inputPaths = (
				"${SRCROOT}/Pods/Target Support Files/Pods-MyDream1/Pods-MyDream1-resources.sh",
				"${PODS_ROOT}/GoogleMaps/Maps/Frameworks/GoogleMaps.framework/Resources/GoogleMaps.bundle",
			);
			name = "[CP] Copy Pods Resources";
			outputPaths = (
				"${TARGET_BUILD_DIR}/${UNLOCALIZED_RESOURCES_FOLDER_PATH}/GoogleMaps.bundle",
			);
			runOnlyForDeploymentPostprocessing = 0;
			shellPath = /bin/sh;
			shellScript = "\"${SRCROOT}/Pods/Target Support Files/Pods-MyDream1/Pods-MyDream1-resources.sh\"\n";
			showEnvVarsInLog = 0;
		};
		E23E509CE115DA5B646E37BE /* [CP] Check Pods Manifest.lock */ = {
			isa = PBXShellScriptBuildPhase;
			buildActionMask = 2147483647;
			files = (
			);
			inputPaths = (
				"${PODS_PODFILE_DIR_PATH}/Podfile.lock",
				"${PODS_ROOT}/Manifest.lock",
			);
			name = "[CP] Check Pods Manifest.lock";
			outputPaths = (
				"$(DERIVED_FILE_DIR)/Pods-MyDream1Tests-checkManifestLockResult.txt",
			);
			runOnlyForDeploymentPostprocessing = 0;
			shellPath = /bin/sh;
			shellScript = "diff \"${PODS_PODFILE_DIR_PATH}/Podfile.lock\" \"${PODS_ROOT}/Manifest.lock\" > /dev/null\nif [ $? != 0 ] ; then\n    # print error to STDERR\n    echo \"error: The sandbox is not in sync with the Podfile.lock. Run 'pod install' or update your CocoaPods installation.\" >&2\n    exit 1\nfi\n# This output is used by Xcode 'outputs' to avoid re-running this script phase.\necho \"SUCCESS\" > \"${SCRIPT_OUTPUT_FILE_0}\"\n";
			showEnvVarsInLog = 0;
		};
/* End PBXShellScriptBuildPhase section */

/* Begin PBXSourcesBuildPhase section */
		C8F6E1802130A0E200EC5A06 /* Sources */ = {
			isa = PBXSourcesBuildPhase;
			buildActionMask = 2147483647;
			files = (
				C80B4EFA216C4F7400689975 /* Temp2.swift in Sources */,
				C821BD4121322A6B00D77D15 /* LoginWorker.swift in Sources */,
				C821BD4021322A6B00D77D15 /* LoginPresenter.swift in Sources */,
				C8255F3C215C07240015B458 /* SidebarView.swift in Sources */,
				C821BD4321322A6B00D77D15 /* LoginModels.swift in Sources */,
				C821BD4221322A6B00D77D15 /* LoginRouter.swift in Sources */,
				C8748BF22166A0DE00ED6ADD /* GeneralRouterManager.swift in Sources */,
				C8255F36215C06BD0015B458 /* HomeModels.swift in Sources */,
				C821BD4421322A6B00D77D15 /* LoginViewController.swift in Sources */,
				C8F6E1882130A0E200EC5A06 /* AppDelegate.swift in Sources */,
				C8255F33215C06BD0015B458 /* HomePresenter.swift in Sources */,
				C8F6E1902130A0E200EC5A06 /* MyDream1.xcdatamodeld in Sources */,
				C80B4EF8216C4F1900689975 /* Temp.swift in Sources */,
				C8255F34215C06BD0015B458 /* HomeWorker.swift in Sources */,
				C821BD4521322A6B00D77D15 /* LoginInteractor.swift in Sources */,
				C8255F37215C06BD0015B458 /* HomeViewController.swift in Sources */,
				C8255F35215C06BD0015B458 /* HomeRouter.swift in Sources */,
				C8255F3D215C07240015B458 /* ViewController.swift in Sources */,
				C80A69F02173911B0052DAF5 /* AFMapviewWrapper.swift in Sources */,
				C8255F38215C06BD0015B458 /* HomeInteractor.swift in Sources */,
			);
			runOnlyForDeploymentPostprocessing = 0;
		};
		C8F6E1972130A0E300EC5A06 /* Sources */ = {
			isa = PBXSourcesBuildPhase;
			buildActionMask = 2147483647;
			files = (
				C8F6E1A02130A0E300EC5A06 /* MyDream1Tests.swift in Sources */,
			);
			runOnlyForDeploymentPostprocessing = 0;
		};
		C8F6E1A22130A0E300EC5A06 /* Sources */ = {
			isa = PBXSourcesBuildPhase;
			buildActionMask = 2147483647;
			files = (
				C8F6E1AB2130A0E300EC5A06 /* MyDream1UITests.swift in Sources */,
			);
			runOnlyForDeploymentPostprocessing = 0;
		};
/* End PBXSourcesBuildPhase section */

/* Begin PBXTargetDependency section */
		C8F6E19D2130A0E300EC5A06 /* PBXTargetDependency */ = {
			isa = PBXTargetDependency;
			target = C8F6E1832130A0E200EC5A06 /* MyDream1 */;
			targetProxy = C8F6E19C2130A0E300EC5A06 /* PBXContainerItemProxy */;
		};
		C8F6E1A82130A0E300EC5A06 /* PBXTargetDependency */ = {
			isa = PBXTargetDependency;
			target = C8F6E1832130A0E200EC5A06 /* MyDream1 */;
			targetProxy = C8F6E1A72130A0E300EC5A06 /* PBXContainerItemProxy */;
		};
/* End PBXTargetDependency section */

/* Begin PBXVariantGroup section */
		C8F6E18B2130A0E200EC5A06 /* Login.storyboard */ = {
			isa = PBXVariantGroup;
			children = (
				C8F6E18C2130A0E200EC5A06 /* Base */,
			);
			name = Login.storyboard;
			sourceTree = "<group>";
		};
		C8F6E1932130A0E300EC5A06 /* LaunchScreen.storyboard */ = {
			isa = PBXVariantGroup;
			children = (
				C8F6E1942130A0E300EC5A06 /* Base */,
			);
			name = LaunchScreen.storyboard;
			sourceTree = "<group>";
		};
/* End PBXVariantGroup section */

/* Begin XCBuildConfiguration section */
		C8F6E1AD2130A0E300EC5A06 /* Debug */ = {
			isa = XCBuildConfiguration;
			buildSettings = {
				ALWAYS_SEARCH_USER_PATHS = NO;
				CLANG_ANALYZER_NONNULL = YES;
				CLANG_ANALYZER_NUMBER_OBJECT_CONVERSION = YES_AGGRESSIVE;
				CLANG_CXX_LANGUAGE_STANDARD = "gnu++14";
				CLANG_CXX_LIBRARY = "libc++";
				CLANG_ENABLE_MODULES = YES;
				CLANG_ENABLE_OBJC_ARC = YES;
				CLANG_ENABLE_OBJC_WEAK = YES;
				CLANG_WARN_BLOCK_CAPTURE_AUTORELEASING = YES;
				CLANG_WARN_BOOL_CONVERSION = YES;
				CLANG_WARN_COMMA = YES;
				CLANG_WARN_CONSTANT_CONVERSION = YES;
				CLANG_WARN_DEPRECATED_OBJC_IMPLEMENTATIONS = YES;
				CLANG_WARN_DIRECT_OBJC_ISA_USAGE = YES_ERROR;
				CLANG_WARN_DOCUMENTATION_COMMENTS = YES;
				CLANG_WARN_EMPTY_BODY = YES;
				CLANG_WARN_ENUM_CONVERSION = YES;
				CLANG_WARN_INFINITE_RECURSION = YES;
				CLANG_WARN_INT_CONVERSION = YES;
				CLANG_WARN_NON_LITERAL_NULL_CONVERSION = YES;
				CLANG_WARN_OBJC_IMPLICIT_RETAIN_SELF = YES;
				CLANG_WARN_OBJC_LITERAL_CONVERSION = YES;
				CLANG_WARN_OBJC_ROOT_CLASS = YES_ERROR;
				CLANG_WARN_RANGE_LOOP_ANALYSIS = YES;
				CLANG_WARN_STRICT_PROTOTYPES = YES;
				CLANG_WARN_SUSPICIOUS_MOVE = YES;
				CLANG_WARN_UNGUARDED_AVAILABILITY = YES_AGGRESSIVE;
				CLANG_WARN_UNREACHABLE_CODE = YES;
				CLANG_WARN__DUPLICATE_METHOD_MATCH = YES;
				CODE_SIGN_IDENTITY = "iPhone Developer";
				COPY_PHASE_STRIP = NO;
				DEBUG_INFORMATION_FORMAT = dwarf;
				ENABLE_STRICT_OBJC_MSGSEND = YES;
				ENABLE_TESTABILITY = YES;
				GCC_C_LANGUAGE_STANDARD = gnu11;
				GCC_DYNAMIC_NO_PIC = NO;
				GCC_NO_COMMON_BLOCKS = YES;
				GCC_OPTIMIZATION_LEVEL = 0;
				GCC_PREPROCESSOR_DEFINITIONS = (
					"DEBUG=1",
					"$(inherited)",
				);
				GCC_WARN_64_TO_32_BIT_CONVERSION = YES;
				GCC_WARN_ABOUT_RETURN_TYPE = YES_ERROR;
				GCC_WARN_UNDECLARED_SELECTOR = YES;
				GCC_WARN_UNINITIALIZED_AUTOS = YES_AGGRESSIVE;
				GCC_WARN_UNUSED_FUNCTION = YES;
				GCC_WARN_UNUSED_VARIABLE = YES;
				IPHONEOS_DEPLOYMENT_TARGET = 11.4;
				MTL_ENABLE_DEBUG_INFO = YES;
				ONLY_ACTIVE_ARCH = YES;
				SDKROOT = iphoneos;
				SWIFT_ACTIVE_COMPILATION_CONDITIONS = DEBUG;
				SWIFT_OPTIMIZATION_LEVEL = "-Onone";
			};
			name = Debug;
		};
		C8F6E1AE2130A0E300EC5A06 /* Release */ = {
			isa = XCBuildConfiguration;
			buildSettings = {
				ALWAYS_SEARCH_USER_PATHS = NO;
				CLANG_ANALYZER_NONNULL = YES;
				CLANG_ANALYZER_NUMBER_OBJECT_CONVERSION = YES_AGGRESSIVE;
				CLANG_CXX_LANGUAGE_STANDARD = "gnu++14";
				CLANG_CXX_LIBRARY = "libc++";
				CLANG_ENABLE_MODULES = YES;
				CLANG_ENABLE_OBJC_ARC = YES;
				CLANG_ENABLE_OBJC_WEAK = YES;
				CLANG_WARN_BLOCK_CAPTURE_AUTORELEASING = YES;
				CLANG_WARN_BOOL_CONVERSION = YES;
				CLANG_WARN_COMMA = YES;
				CLANG_WARN_CONSTANT_CONVERSION = YES;
				CLANG_WARN_DEPRECATED_OBJC_IMPLEMENTATIONS = YES;
				CLANG_WARN_DIRECT_OBJC_ISA_USAGE = YES_ERROR;
				CLANG_WARN_DOCUMENTATION_COMMENTS = YES;
				CLANG_WARN_EMPTY_BODY = YES;
				CLANG_WARN_ENUM_CONVERSION = YES;
				CLANG_WARN_INFINITE_RECURSION = YES;
				CLANG_WARN_INT_CONVERSION = YES;
				CLANG_WARN_NON_LITERAL_NULL_CONVERSION = YES;
				CLANG_WARN_OBJC_IMPLICIT_RETAIN_SELF = YES;
				CLANG_WARN_OBJC_LITERAL_CONVERSION = YES;
				CLANG_WARN_OBJC_ROOT_CLASS = YES_ERROR;
				CLANG_WARN_RANGE_LOOP_ANALYSIS = YES;
				CLANG_WARN_STRICT_PROTOTYPES = YES;
				CLANG_WARN_SUSPICIOUS_MOVE = YES;
				CLANG_WARN_UNGUARDED_AVAILABILITY = YES_AGGRESSIVE;
				CLANG_WARN_UNREACHABLE_CODE = YES;
				CLANG_WARN__DUPLICATE_METHOD_MATCH = YES;
				CODE_SIGN_IDENTITY = "iPhone Developer";
				COPY_PHASE_STRIP = NO;
				DEBUG_INFORMATION_FORMAT = "dwarf-with-dsym";
				ENABLE_NS_ASSERTIONS = NO;
				ENABLE_STRICT_OBJC_MSGSEND = YES;
				GCC_C_LANGUAGE_STANDARD = gnu11;
				GCC_NO_COMMON_BLOCKS = YES;
				GCC_WARN_64_TO_32_BIT_CONVERSION = YES;
				GCC_WARN_ABOUT_RETURN_TYPE = YES_ERROR;
				GCC_WARN_UNDECLARED_SELECTOR = YES;
				GCC_WARN_UNINITIALIZED_AUTOS = YES_AGGRESSIVE;
				GCC_WARN_UNUSED_FUNCTION = YES;
				GCC_WARN_UNUSED_VARIABLE = YES;
				IPHONEOS_DEPLOYMENT_TARGET = 11.4;
				MTL_ENABLE_DEBUG_INFO = NO;
				SDKROOT = iphoneos;
				SWIFT_COMPILATION_MODE = wholemodule;
				SWIFT_OPTIMIZATION_LEVEL = "-O";
				VALIDATE_PRODUCT = YES;
			};
			name = Release;
		};
		C8F6E1B02130A0E300EC5A06 /* Debug */ = {
			isa = XCBuildConfiguration;
			baseConfigurationReference = 7925BA95C214C0E275945DF5 /* Pods-MyDream1.debug.xcconfig */;
			buildSettings = {
				ASSETCATALOG_COMPILER_APPICON_NAME = AppIcon;
				CODE_SIGN_STYLE = Automatic;
				INFOPLIST_FILE = MyDream1/Info.plist;
				LD_RUNPATH_SEARCH_PATHS = (
					"$(inherited)",
					"@executable_path/Frameworks",
				);
				PRODUCT_BUNDLE_IDENTIFIER = Fisky.MyDream1;
				PRODUCT_NAME = "$(TARGET_NAME)";
				SWIFT_VERSION = 4.0;
				TARGETED_DEVICE_FAMILY = "1,2";
			};
			name = Debug;
		};
		C8F6E1B12130A0E300EC5A06 /* Release */ = {
			isa = XCBuildConfiguration;
			baseConfigurationReference = 0F7A3E6D00455CD7F5517D9A /* Pods-MyDream1.release.xcconfig */;
			buildSettings = {
				ASSETCATALOG_COMPILER_APPICON_NAME = AppIcon;
				CODE_SIGN_STYLE = Automatic;
				INFOPLIST_FILE = MyDream1/Info.plist;
				LD_RUNPATH_SEARCH_PATHS = (
					"$(inherited)",
					"@executable_path/Frameworks",
				);
				PRODUCT_BUNDLE_IDENTIFIER = Fisky.MyDream1;
				PRODUCT_NAME = "$(TARGET_NAME)";
				SWIFT_VERSION = 4.0;
				TARGETED_DEVICE_FAMILY = "1,2";
			};
			name = Release;
		};
		C8F6E1B32130A0E300EC5A06 /* Debug */ = {
			isa = XCBuildConfiguration;
			baseConfigurationReference = C872E4BC76F91EF31B51B8CA /* Pods-MyDream1Tests.debug.xcconfig */;
			buildSettings = {
				ALWAYS_EMBED_SWIFT_STANDARD_LIBRARIES = YES;
				BUNDLE_LOADER = "$(TEST_HOST)";
				CODE_SIGN_STYLE = Automatic;
				INFOPLIST_FILE = MyDream1Tests/Info.plist;
				LD_RUNPATH_SEARCH_PATHS = (
					"$(inherited)",
					"@executable_path/Frameworks",
					"@loader_path/Frameworks",
				);
				PRODUCT_BUNDLE_IDENTIFIER = Fisky.MyDream1Tests;
				PRODUCT_NAME = "$(TARGET_NAME)";
				SWIFT_VERSION = 4.0;
				TARGETED_DEVICE_FAMILY = "1,2";
				TEST_HOST = "$(BUILT_PRODUCTS_DIR)/MyDream1.app/MyDream1";
			};
			name = Debug;
		};
		C8F6E1B42130A0E300EC5A06 /* Release */ = {
			isa = XCBuildConfiguration;
			baseConfigurationReference = C1EF2C75FC6BFB1918E2911A /* Pods-MyDream1Tests.release.xcconfig */;
			buildSettings = {
				ALWAYS_EMBED_SWIFT_STANDARD_LIBRARIES = YES;
				BUNDLE_LOADER = "$(TEST_HOST)";
				CODE_SIGN_STYLE = Automatic;
				INFOPLIST_FILE = MyDream1Tests/Info.plist;
				LD_RUNPATH_SEARCH_PATHS = (
					"$(inherited)",
					"@executable_path/Frameworks",
					"@loader_path/Frameworks",
				);
				PRODUCT_BUNDLE_IDENTIFIER = Fisky.MyDream1Tests;
				PRODUCT_NAME = "$(TARGET_NAME)";
				SWIFT_VERSION = 4.0;
				TARGETED_DEVICE_FAMILY = "1,2";
				TEST_HOST = "$(BUILT_PRODUCTS_DIR)/MyDream1.app/MyDream1";
			};
			name = Release;
		};
		C8F6E1B62130A0E300EC5A06 /* Debug */ = {
			isa = XCBuildConfiguration;
			baseConfigurationReference = 1B0B33743DCC826A24D77443 /* Pods-MyDream1UITests.debug.xcconfig */;
			buildSettings = {
				ALWAYS_EMBED_SWIFT_STANDARD_LIBRARIES = YES;
				CODE_SIGN_STYLE = Automatic;
				INFOPLIST_FILE = MyDream1UITests/Info.plist;
				LD_RUNPATH_SEARCH_PATHS = (
					"$(inherited)",
					"@executable_path/Frameworks",
					"@loader_path/Frameworks",
				);
				PRODUCT_BUNDLE_IDENTIFIER = Fisky.MyDream1UITests;
				PRODUCT_NAME = "$(TARGET_NAME)";
				SWIFT_VERSION = 4.0;
				TARGETED_DEVICE_FAMILY = "1,2";
				TEST_TARGET_NAME = MyDream1;
			};
			name = Debug;
		};
		C8F6E1B72130A0E300EC5A06 /* Release */ = {
			isa = XCBuildConfiguration;
			baseConfigurationReference = 0C2BC90612C24848902B0A05 /* Pods-MyDream1UITests.release.xcconfig */;
			buildSettings = {
				ALWAYS_EMBED_SWIFT_STANDARD_LIBRARIES = YES;
				CODE_SIGN_STYLE = Automatic;
				INFOPLIST_FILE = MyDream1UITests/Info.plist;
				LD_RUNPATH_SEARCH_PATHS = (
					"$(inherited)",
					"@executable_path/Frameworks",
					"@loader_path/Frameworks",
				);
				PRODUCT_BUNDLE_IDENTIFIER = Fisky.MyDream1UITests;
				PRODUCT_NAME = "$(TARGET_NAME)";
				SWIFT_VERSION = 4.0;
				TARGETED_DEVICE_FAMILY = "1,2";
				TEST_TARGET_NAME = MyDream1;
			};
			name = Release;
		};
/* End XCBuildConfiguration section */

/* Begin XCConfigurationList section */
		C8F6E17F2130A0E200EC5A06 /* Build configuration list for PBXProject "MyDream1" */ = {
			isa = XCConfigurationList;
			buildConfigurations = (
				C8F6E1AD2130A0E300EC5A06 /* Debug */,
				C8F6E1AE2130A0E300EC5A06 /* Release */,
			);
			defaultConfigurationIsVisible = 0;
			defaultConfigurationName = Release;
		};
		C8F6E1AF2130A0E300EC5A06 /* Build configuration list for PBXNativeTarget "MyDream1" */ = {
			isa = XCConfigurationList;
			buildConfigurations = (
				C8F6E1B02130A0E300EC5A06 /* Debug */,
				C8F6E1B12130A0E300EC5A06 /* Release */,
			);
			defaultConfigurationIsVisible = 0;
			defaultConfigurationName = Release;
		};
		C8F6E1B22130A0E300EC5A06 /* Build configuration list for PBXNativeTarget "MyDream1Tests" */ = {
			isa = XCConfigurationList;
			buildConfigurations = (
				C8F6E1B32130A0E300EC5A06 /* Debug */,
				C8F6E1B42130A0E300EC5A06 /* Release */,
			);
			defaultConfigurationIsVisible = 0;
			defaultConfigurationName = Release;
		};
		C8F6E1B52130A0E300EC5A06 /* Build configuration list for PBXNativeTarget "MyDream1UITests" */ = {
			isa = XCConfigurationList;
			buildConfigurations = (
				C8F6E1B62130A0E300EC5A06 /* Debug */,
				C8F6E1B72130A0E300EC5A06 /* Release */,
			);
			defaultConfigurationIsVisible = 0;
			defaultConfigurationName = Release;
		};
/* End XCConfigurationList section */

/* Begin XCVersionGroup section */
		C8F6E18E2130A0E200EC5A06 /* MyDream1.xcdatamodeld */ = {
			isa = XCVersionGroup;
			children = (
				C8E195D42154242400C06495 /* MyDream 2.xcdatamodel */,
				C8F6E18F2130A0E200EC5A06 /* MyDream1.xcdatamodel */,
			);
			currentVersion = C8F6E18F2130A0E200EC5A06 /* MyDream1.xcdatamodel */;
			path = MyDream1.xcdatamodeld;
			sourceTree = "<group>";
			versionGroupType = wrapper.xcdatamodel;
		};
/* End XCVersionGroup section */
	};
	rootObject = C8F6E17C2130A0E200EC5A06 /* Project object */;
}
